// !$*UTF8*$!
{
	archiveVersion = 1;
	classes = {
	};
	objectVersion = 56;
	objects = {

/* Begin PBXBuildFile section */
		271C25142A534FF60048ED28 /* MenumainTVC.swift in Sources */ = {isa = PBXBuildFile; fileRef = 271C25132A534FF60048ED28 /* MenumainTVC.swift */; };
		271E08252A75352A00F70246 /* Pivot.swift in Sources */ = {isa = PBXBuildFile; fileRef = 271E08242A75352A00F70246 /* Pivot.swift */; };
		271E08272A75352D00F70246 /* Category.swift in Sources */ = {isa = PBXBuildFile; fileRef = 271E08262A75352D00F70246 /* Category.swift */; };
		271E08292A75353100F70246 /* Favourite.swift in Sources */ = {isa = PBXBuildFile; fileRef = 271E08282A75353100F70246 /* Favourite.swift */; };
		271E082B2A75353400F70246 /* ItemMeta.swift in Sources */ = {isa = PBXBuildFile; fileRef = 271E082A2A75353400F70246 /* ItemMeta.swift */; };
		271E082D2A75353700F70246 /* Size.swift in Sources */ = {isa = PBXBuildFile; fileRef = 271E082C2A75353700F70246 /* Size.swift */; };
		271E082F2A75353B00F70246 /* Price.swift in Sources */ = {isa = PBXBuildFile; fileRef = 271E082E2A75353B00F70246 /* Price.swift */; };
		271E08312A75353E00F70246 /* ItemsModel.swift in Sources */ = {isa = PBXBuildFile; fileRef = 271E08302A75353E00F70246 /* ItemsModel.swift */; };
		271E08342A754A5A00F70246 /* sizeModelMAin.swift in Sources */ = {isa = PBXBuildFile; fileRef = 271E08332A754A5A00F70246 /* sizeModelMAin.swift */; };
		271E08382A754ECD00F70246 /* MenuSizeTVC.swift in Sources */ = {isa = PBXBuildFile; fileRef = 271E08372A754ECD00F70246 /* MenuSizeTVC.swift */; };
		273018282A59F4A600F4E5D9 /* RejectVC.swift in Sources */ = {isa = PBXBuildFile; fileRef = 273018272A59F4A600F4E5D9 /* RejectVC.swift */; };
		2734C8222A4371BB005F9AA5 /* ALF.swift in Sources */ = {isa = PBXBuildFile; fileRef = 2734C8212A4371BB005F9AA5 /* ALF.swift */; };
		2734C8242A437C3A005F9AA5 /* Utility.swift in Sources */ = {isa = PBXBuildFile; fileRef = 2734C8232A437C3A005F9AA5 /* Utility.swift */; };
		2734C8282A437DD0005F9AA5 /* UserModel.swift in Sources */ = {isa = PBXBuildFile; fileRef = 2734C8272A437DD0005F9AA5 /* UserModel.swift */; };
		273A0DF32A589886004A8B46 /* EditprofileVC.swift in Sources */ = {isa = PBXBuildFile; fileRef = 273A0DF22A589886004A8B46 /* EditprofileVC.swift */; };
		273A0DF62A58A1C7004A8B46 /* EditpasswordVC.swift in Sources */ = {isa = PBXBuildFile; fileRef = 273A0DF52A58A1C7004A8B46 /* EditpasswordVC.swift */; };
		273A0DF92A58A87E004A8B46 /* LocationVC.swift in Sources */ = {isa = PBXBuildFile; fileRef = 273A0DF82A58A87E004A8B46 /* LocationVC.swift */; };
		273A0DFC2A58AA87004A8B46 /* LanguageVC.swift in Sources */ = {isa = PBXBuildFile; fileRef = 273A0DFB2A58AA87004A8B46 /* LanguageVC.swift */; };
		273A0DFF2A58B44C004A8B46 /* DeleteVC.swift in Sources */ = {isa = PBXBuildFile; fileRef = 273A0DFE2A58B44C004A8B46 /* DeleteVC.swift */; };
		273A0E022A58B544004A8B46 /* LegalVC.swift in Sources */ = {isa = PBXBuildFile; fileRef = 273A0E012A58B544004A8B46 /* LegalVC.swift */; };
		273ABA7D2A3B727100E67D01 /* BaseVC.swift in Sources */ = {isa = PBXBuildFile; fileRef = 273ABA7C2A3B727100E67D01 /* BaseVC.swift */; };
		273ABA7F2A3B727C00E67D01 /* Extensions.swift in Sources */ = {isa = PBXBuildFile; fileRef = 273ABA7E2A3B727C00E67D01 /* Extensions.swift */; };
		273ABA822A3C5CD400E67D01 /* AccountVC.swift in Sources */ = {isa = PBXBuildFile; fileRef = 273ABA812A3C5CD400E67D01 /* AccountVC.swift */; };
		273ABA852A3C608E00E67D01 /* MerchantVC.swift in Sources */ = {isa = PBXBuildFile; fileRef = 273ABA842A3C608E00E67D01 /* MerchantVC.swift */; };
		273ABA882A3C60A100E67D01 /* MenuVC.swift in Sources */ = {isa = PBXBuildFile; fileRef = 273ABA872A3C60A100E67D01 /* MenuVC.swift */; };
		273ABA8B2A3C60B500E67D01 /* OrdersVC.swift in Sources */ = {isa = PBXBuildFile; fileRef = 273ABA8A2A3C60B500E67D01 /* OrdersVC.swift */; };
		273ABA8E2A3C60CA00E67D01 /* HomeVC.swift in Sources */ = {isa = PBXBuildFile; fileRef = 273ABA8D2A3C60CA00E67D01 /* HomeVC.swift */; };
		273ABA912A3CDBA500E67D01 /* HomeearningCVC.swift in Sources */ = {isa = PBXBuildFile; fileRef = 273ABA902A3CDBA500E67D01 /* HomeearningCVC.swift */; };
		273ABA942A3CE50300E67D01 /* HomeOrdersCVC.swift in Sources */ = {isa = PBXBuildFile; fileRef = 273ABA932A3CE50300E67D01 /* HomeOrdersCVC.swift */; };
		273F057B2A7ECF7C005A9A5E /* TransactionModel.swift in Sources */ = {isa = PBXBuildFile; fileRef = 273F057A2A7ECF7C005A9A5E /* TransactionModel.swift */; };
		274318EB2A71C3920012A9C0 /* Client.swift in Sources */ = {isa = PBXBuildFile; fileRef = 274318EA2A71C3920012A9C0 /* Client.swift */; };
		274318EE2A71C92E0012A9C0 /* CategoryModel.swift in Sources */ = {isa = PBXBuildFile; fileRef = 274318ED2A71C92E0012A9C0 /* CategoryModel.swift */; };
		275E75352A7D7AA4002CEDA5 /* RejectTVC.swift in Sources */ = {isa = PBXBuildFile; fileRef = 275E75342A7D7AA4002CEDA5 /* RejectTVC.swift */; };
		275E75382A7D9862002CEDA5 /* OrderdetailsVC.swift in Sources */ = {isa = PBXBuildFile; fileRef = 275E75372A7D9862002CEDA5 /* OrderdetailsVC.swift */; };
		276909F92A84158000371ECD /* AddressVC.swift in Sources */ = {isa = PBXBuildFile; fileRef = 276909F82A84158000371ECD /* AddressVC.swift */; };
		276909FC2A8419DF00371ECD /* SettingsVC.swift in Sources */ = {isa = PBXBuildFile; fileRef = 276909FB2A8419DF00371ECD /* SettingsVC.swift */; };
		276909FF2A841FD200371ECD /* StorehoursVC.swift in Sources */ = {isa = PBXBuildFile; fileRef = 276909FE2A841FD200371ECD /* StorehoursVC.swift */; };
		276E5C972A6D4890002C988F /* OrderstatusModel.swift in Sources */ = {isa = PBXBuildFile; fileRef = 276E5C962A6D4890002C988F /* OrderstatusModel.swift */; };
		276E5C9A2A6DC154002C988F /* HomeordersModel.swift in Sources */ = {isa = PBXBuildFile; fileRef = 276E5C992A6DC154002C988F /* HomeordersModel.swift */; };
		27803D1D2A7C3574002BC017 /* IngredientsTVC.swift in Sources */ = {isa = PBXBuildFile; fileRef = 27803D1C2A7C3574002BC017 /* IngredientsTVC.swift */; };
		27803D202A7C3F56002BC017 /* IngredientsModel.swift in Sources */ = {isa = PBXBuildFile; fileRef = 27803D1F2A7C3F56002BC017 /* IngredientsModel.swift */; };
		27803D262A7C4494002BC017 /* CookingTVC.swift in Sources */ = {isa = PBXBuildFile; fileRef = 27803D252A7C4494002BC017 /* CookingTVC.swift */; };
		27803D282A7C44DA002BC017 /* cookingModel.swift in Sources */ = {isa = PBXBuildFile; fileRef = 27803D272A7C44DA002BC017 /* cookingModel.swift */; };
		2780D6BB2A83D86700513A0E /* InformationVC.swift in Sources */ = {isa = PBXBuildFile; fileRef = 2780D6BA2A83D86700513A0E /* InformationVC.swift */; };
		278493A32A3F2A5E0008EAFB /* HometotalOrdersCVC.swift in Sources */ = {isa = PBXBuildFile; fileRef = 278493A22A3F2A5E0008EAFB /* HometotalOrdersCVC.swift */; };
		278C34582A855CCA0088BDB9 /* HoursCVC.swift in Sources */ = {isa = PBXBuildFile; fileRef = 278C34572A855CCA0088BDB9 /* HoursCVC.swift */; };
		2794F81E2A69A72700F53979 /* YearlySalesByMonth.swift in Sources */ = {isa = PBXBuildFile; fileRef = 2794F81D2A69A72700F53979 /* YearlySalesByMonth.swift */; };
		2794F8212A69A75800F53979 /* StatsModel.swift in Sources */ = {isa = PBXBuildFile; fileRef = 2794F8202A69A75800F53979 /* StatsModel.swift */; };
		27C3AD6E2A40CF0F00EAA282 /* OrdersCVC.swift in Sources */ = {isa = PBXBuildFile; fileRef = 27C3AD6D2A40CF0F00EAA282 /* OrdersCVC.swift */; };
		27C913CE2A5DCA5D0063ED46 /* EdititemsVC.swift in Sources */ = {isa = PBXBuildFile; fileRef = 27C913CD2A5DCA5D0063ED46 /* EdititemsVC.swift */; };
		27C913D12A5DCB9C0063ED46 /* MenufoodTVC.swift in Sources */ = {isa = PBXBuildFile; fileRef = 27C913D02A5DCB9C0063ED46 /* MenufoodTVC.swift */; };
		27CDEFF42A8BFDCB003A2C26 /* StoreHoursModel.swift in Sources */ = {isa = PBXBuildFile; fileRef = 27CDEFF32A8BFDCB003A2C26 /* StoreHoursModel.swift */; };
		27D073692A39F0140098E859 /* AppDelegate.swift in Sources */ = {isa = PBXBuildFile; fileRef = 27D073682A39F0140098E859 /* AppDelegate.swift */; };
		27D0736B2A39F0140098E859 /* SceneDelegate.swift in Sources */ = {isa = PBXBuildFile; fileRef = 27D0736A2A39F0140098E859 /* SceneDelegate.swift */; };
		27D073702A39F0140098E859 /* Main.storyboard in Resources */ = {isa = PBXBuildFile; fileRef = 27D0736E2A39F0140098E859 /* Main.storyboard */; };
		27D073722A39F0160098E859 /* Assets.xcassets in Resources */ = {isa = PBXBuildFile; fileRef = 27D073712A39F0160098E859 /* Assets.xcassets */; };
		27D073752A39F0160098E859 /* LaunchScreen.storyboard in Resources */ = {isa = PBXBuildFile; fileRef = 27D073732A39F0160098E859 /* LaunchScreen.storyboard */; };
		27D073802A39F0160098E859 /* AdopteUneLivrasionTests.swift in Sources */ = {isa = PBXBuildFile; fileRef = 27D0737F2A39F0160098E859 /* AdopteUneLivrasionTests.swift */; };
		27D0738A2A39F0160098E859 /* AdopteUneLivrasionUITests.swift in Sources */ = {isa = PBXBuildFile; fileRef = 27D073892A39F0160098E859 /* AdopteUneLivrasionUITests.swift */; };
		27D0738C2A39F0160098E859 /* AdopteUneLivrasionUITestsLaunchTests.swift in Sources */ = {isa = PBXBuildFile; fileRef = 27D0738B2A39F0160098E859 /* AdopteUneLivrasionUITestsLaunchTests.swift */; };
		27D70D0C2A6EF38D00080767 /* OrderscustomersTVC.swift in Sources */ = {isa = PBXBuildFile; fileRef = 27D70D0B2A6EF38D00080767 /* OrderscustomersTVC.swift */; };
		27EE0BD12A3B69BF00CADF99 /* TabbarVC.swift in Sources */ = {isa = PBXBuildFile; fileRef = 27EE0BD02A3B69BF00CADF99 /* TabbarVC.swift */; };
		27EE0BD42A3B69F500CADF99 /* SigninVC.swift in Sources */ = {isa = PBXBuildFile; fileRef = 27EE0BD32A3B69F500CADF99 /* SigninVC.swift */; };
		27EE0BD82A3B6A1400CADF99 /* SignupVC.swift in Sources */ = {isa = PBXBuildFile; fileRef = 27EE0BD72A3B6A1400CADF99 /* SignupVC.swift */; };
		27EE0BDB2A3B6A2B00CADF99 /* ForgotVC.swift in Sources */ = {isa = PBXBuildFile; fileRef = 27EE0BDA2A3B6A2B00CADF99 /* ForgotVC.swift */; };
		27EE0BDE2A3B6BB500CADF99 /* AppStoryboards.swift in Sources */ = {isa = PBXBuildFile; fileRef = 27EE0BDD2A3B6BB400CADF99 /* AppStoryboards.swift */; };
		4587B442218B90739418DD82 /* Pods_AdopteUneLivrasionTests.framework in Frameworks */ = {isa = PBXBuildFile; fileRef = 515D6E6196EC3E2E6FD21579 /* Pods_AdopteUneLivrasionTests.framework */; };
		7C9C3A1BBD05DA4FFC761B0A /* Pods_AdopteUneLivrasion.framework in Frameworks */ = {isa = PBXBuildFile; fileRef = 00D318984A832F03EDFE1B11 /* Pods_AdopteUneLivrasion.framework */; };
		973381C827E667E1FBC72ACE /* Pods_AdopteUneLivrasion_AdopteUneLivrasionUITests.framework in Frameworks */ = {isa = PBXBuildFile; fileRef = 7CED03358CEE4D60F16C9839 /* Pods_AdopteUneLivrasion_AdopteUneLivrasionUITests.framework */; };
/* End PBXBuildFile section */

/* Begin PBXContainerItemProxy section */
		27D0737C2A39F0160098E859 /* PBXContainerItemProxy */ = {
			isa = PBXContainerItemProxy;
			containerPortal = 27D0735D2A39F0140098E859 /* Project object */;
			proxyType = 1;
			remoteGlobalIDString = 27D073642A39F0140098E859;
			remoteInfo = AdopteUneLivrasion;
		};
		27D073862A39F0160098E859 /* PBXContainerItemProxy */ = {
			isa = PBXContainerItemProxy;
			containerPortal = 27D0735D2A39F0140098E859 /* Project object */;
			proxyType = 1;
			remoteGlobalIDString = 27D073642A39F0140098E859;
			remoteInfo = AdopteUneLivrasion;
		};
/* End PBXContainerItemProxy section */

/* Begin PBXFileReference section */
		00D318984A832F03EDFE1B11 /* Pods_AdopteUneLivrasion.framework */ = {isa = PBXFileReference; explicitFileType = wrapper.framework; includeInIndex = 0; path = Pods_AdopteUneLivrasion.framework; sourceTree = BUILT_PRODUCTS_DIR; };
		03A7CB3F38AC50C5C27F3A1D /* Pods-AdopteUneLivrasion.release.xcconfig */ = {isa = PBXFileReference; includeInIndex = 1; lastKnownFileType = text.xcconfig; name = "Pods-AdopteUneLivrasion.release.xcconfig"; path = "Target Support Files/Pods-AdopteUneLivrasion/Pods-AdopteUneLivrasion.release.xcconfig"; sourceTree = "<group>"; };
		08B61DCEBA95E2B88D3C2688 /* Pods-AdopteUneLivrasionTests.release.xcconfig */ = {isa = PBXFileReference; includeInIndex = 1; lastKnownFileType = text.xcconfig; name = "Pods-AdopteUneLivrasionTests.release.xcconfig"; path = "Target Support Files/Pods-AdopteUneLivrasionTests/Pods-AdopteUneLivrasionTests.release.xcconfig"; sourceTree = "<group>"; };
		1BDBC1DCE0EB753058B8393A /* Pods-AdopteUneLivrasion.debug.xcconfig */ = {isa = PBXFileReference; includeInIndex = 1; lastKnownFileType = text.xcconfig; name = "Pods-AdopteUneLivrasion.debug.xcconfig"; path = "Target Support Files/Pods-AdopteUneLivrasion/Pods-AdopteUneLivrasion.debug.xcconfig"; sourceTree = "<group>"; };
		271C25132A534FF60048ED28 /* MenumainTVC.swift */ = {isa = PBXFileReference; lastKnownFileType = sourcecode.swift; path = MenumainTVC.swift; sourceTree = "<group>"; };
		271E08242A75352A00F70246 /* Pivot.swift */ = {isa = PBXFileReference; fileEncoding = 4; lastKnownFileType = sourcecode.swift; path = Pivot.swift; sourceTree = "<group>"; };
		271E08262A75352D00F70246 /* Category.swift */ = {isa = PBXFileReference; fileEncoding = 4; lastKnownFileType = sourcecode.swift; path = Category.swift; sourceTree = "<group>"; };
		271E08282A75353100F70246 /* Favourite.swift */ = {isa = PBXFileReference; fileEncoding = 4; lastKnownFileType = sourcecode.swift; path = Favourite.swift; sourceTree = "<group>"; };
		271E082A2A75353400F70246 /* ItemMeta.swift */ = {isa = PBXFileReference; fileEncoding = 4; lastKnownFileType = sourcecode.swift; path = ItemMeta.swift; sourceTree = "<group>"; };
		271E082C2A75353700F70246 /* Size.swift */ = {isa = PBXFileReference; fileEncoding = 4; lastKnownFileType = sourcecode.swift; path = Size.swift; sourceTree = "<group>"; };
		271E082E2A75353B00F70246 /* Price.swift */ = {isa = PBXFileReference; fileEncoding = 4; lastKnownFileType = sourcecode.swift; path = Price.swift; sourceTree = "<group>"; };
		271E08302A75353E00F70246 /* ItemsModel.swift */ = {isa = PBXFileReference; fileEncoding = 4; lastKnownFileType = sourcecode.swift; path = ItemsModel.swift; sourceTree = "<group>"; };
		271E08332A754A5A00F70246 /* sizeModelMAin.swift */ = {isa = PBXFileReference; fileEncoding = 4; lastKnownFileType = sourcecode.swift; path = sizeModelMAin.swift; sourceTree = "<group>"; };
		271E08372A754ECD00F70246 /* MenuSizeTVC.swift */ = {isa = PBXFileReference; lastKnownFileType = sourcecode.swift; path = MenuSizeTVC.swift; sourceTree = "<group>"; };
		273018272A59F4A600F4E5D9 /* RejectVC.swift */ = {isa = PBXFileReference; lastKnownFileType = sourcecode.swift; path = RejectVC.swift; sourceTree = "<group>"; };
		2734C8212A4371BB005F9AA5 /* ALF.swift */ = {isa = PBXFileReference; fileEncoding = 4; lastKnownFileType = sourcecode.swift; path = ALF.swift; sourceTree = "<group>"; };
		2734C8232A437C3A005F9AA5 /* Utility.swift */ = {isa = PBXFileReference; fileEncoding = 4; lastKnownFileType = sourcecode.swift; path = Utility.swift; sourceTree = "<group>"; };
		2734C8272A437DD0005F9AA5 /* UserModel.swift */ = {isa = PBXFileReference; lastKnownFileType = sourcecode.swift; path = UserModel.swift; sourceTree = "<group>"; };
		273A0DF22A589886004A8B46 /* EditprofileVC.swift */ = {isa = PBXFileReference; lastKnownFileType = sourcecode.swift; path = EditprofileVC.swift; sourceTree = "<group>"; };
		273A0DF52A58A1C7004A8B46 /* EditpasswordVC.swift */ = {isa = PBXFileReference; lastKnownFileType = sourcecode.swift; path = EditpasswordVC.swift; sourceTree = "<group>"; };
		273A0DF82A58A87E004A8B46 /* LocationVC.swift */ = {isa = PBXFileReference; lastKnownFileType = sourcecode.swift; path = LocationVC.swift; sourceTree = "<group>"; };
		273A0DFB2A58AA87004A8B46 /* LanguageVC.swift */ = {isa = PBXFileReference; lastKnownFileType = sourcecode.swift; path = LanguageVC.swift; sourceTree = "<group>"; };
		273A0DFE2A58B44C004A8B46 /* DeleteVC.swift */ = {isa = PBXFileReference; lastKnownFileType = sourcecode.swift; path = DeleteVC.swift; sourceTree = "<group>"; };
		273A0E012A58B544004A8B46 /* LegalVC.swift */ = {isa = PBXFileReference; lastKnownFileType = sourcecode.swift; path = LegalVC.swift; sourceTree = "<group>"; };
		273ABA7C2A3B727100E67D01 /* BaseVC.swift */ = {isa = PBXFileReference; fileEncoding = 4; lastKnownFileType = sourcecode.swift; path = BaseVC.swift; sourceTree = "<group>"; };
		273ABA7E2A3B727C00E67D01 /* Extensions.swift */ = {isa = PBXFileReference; fileEncoding = 4; lastKnownFileType = sourcecode.swift; path = Extensions.swift; sourceTree = "<group>"; };
		273ABA812A3C5CD400E67D01 /* AccountVC.swift */ = {isa = PBXFileReference; lastKnownFileType = sourcecode.swift; path = AccountVC.swift; sourceTree = "<group>"; };
		273ABA842A3C608E00E67D01 /* MerchantVC.swift */ = {isa = PBXFileReference; lastKnownFileType = sourcecode.swift; path = MerchantVC.swift; sourceTree = "<group>"; };
		273ABA872A3C60A100E67D01 /* MenuVC.swift */ = {isa = PBXFileReference; lastKnownFileType = sourcecode.swift; path = MenuVC.swift; sourceTree = "<group>"; };
		273ABA8A2A3C60B500E67D01 /* OrdersVC.swift */ = {isa = PBXFileReference; lastKnownFileType = sourcecode.swift; path = OrdersVC.swift; sourceTree = "<group>"; };
		273ABA8D2A3C60CA00E67D01 /* HomeVC.swift */ = {isa = PBXFileReference; lastKnownFileType = sourcecode.swift; path = HomeVC.swift; sourceTree = "<group>"; };
		273ABA902A3CDBA500E67D01 /* HomeearningCVC.swift */ = {isa = PBXFileReference; lastKnownFileType = sourcecode.swift; path = HomeearningCVC.swift; sourceTree = "<group>"; };
		273ABA932A3CE50300E67D01 /* HomeOrdersCVC.swift */ = {isa = PBXFileReference; lastKnownFileType = sourcecode.swift; path = HomeOrdersCVC.swift; sourceTree = "<group>"; };
		273F057A2A7ECF7C005A9A5E /* TransactionModel.swift */ = {isa = PBXFileReference; fileEncoding = 4; lastKnownFileType = sourcecode.swift; path = TransactionModel.swift; sourceTree = "<group>"; };
		274318EA2A71C3920012A9C0 /* Client.swift */ = {isa = PBXFileReference; fileEncoding = 4; lastKnownFileType = sourcecode.swift; path = Client.swift; sourceTree = "<group>"; };
		274318ED2A71C92E0012A9C0 /* CategoryModel.swift */ = {isa = PBXFileReference; fileEncoding = 4; lastKnownFileType = sourcecode.swift; path = CategoryModel.swift; sourceTree = "<group>"; };
		275E75342A7D7AA4002CEDA5 /* RejectTVC.swift */ = {isa = PBXFileReference; lastKnownFileType = sourcecode.swift; path = RejectTVC.swift; sourceTree = "<group>"; };
		275E75372A7D9862002CEDA5 /* OrderdetailsVC.swift */ = {isa = PBXFileReference; lastKnownFileType = sourcecode.swift; path = OrderdetailsVC.swift; sourceTree = "<group>"; };
		276909F82A84158000371ECD /* AddressVC.swift */ = {isa = PBXFileReference; lastKnownFileType = sourcecode.swift; path = AddressVC.swift; sourceTree = "<group>"; };
		276909FB2A8419DF00371ECD /* SettingsVC.swift */ = {isa = PBXFileReference; lastKnownFileType = sourcecode.swift; path = SettingsVC.swift; sourceTree = "<group>"; };
		276909FE2A841FD200371ECD /* StorehoursVC.swift */ = {isa = PBXFileReference; lastKnownFileType = sourcecode.swift; path = StorehoursVC.swift; sourceTree = "<group>"; };
		276E5C962A6D4890002C988F /* OrderstatusModel.swift */ = {isa = PBXFileReference; lastKnownFileType = sourcecode.swift; path = OrderstatusModel.swift; sourceTree = "<group>"; };
		276E5C992A6DC154002C988F /* HomeordersModel.swift */ = {isa = PBXFileReference; lastKnownFileType = sourcecode.swift; path = HomeordersModel.swift; sourceTree = "<group>"; };
		27803D1C2A7C3574002BC017 /* IngredientsTVC.swift */ = {isa = PBXFileReference; lastKnownFileType = sourcecode.swift; path = IngredientsTVC.swift; sourceTree = "<group>"; };
		27803D1F2A7C3F56002BC017 /* IngredientsModel.swift */ = {isa = PBXFileReference; fileEncoding = 4; lastKnownFileType = sourcecode.swift; path = IngredientsModel.swift; sourceTree = "<group>"; };
		27803D252A7C4494002BC017 /* CookingTVC.swift */ = {isa = PBXFileReference; lastKnownFileType = sourcecode.swift; path = CookingTVC.swift; sourceTree = "<group>"; };
		27803D272A7C44DA002BC017 /* cookingModel.swift */ = {isa = PBXFileReference; fileEncoding = 4; lastKnownFileType = sourcecode.swift; path = cookingModel.swift; sourceTree = "<group>"; };
		2780D6BA2A83D86700513A0E /* InformationVC.swift */ = {isa = PBXFileReference; lastKnownFileType = sourcecode.swift; path = InformationVC.swift; sourceTree = "<group>"; };
		278493A22A3F2A5E0008EAFB /* HometotalOrdersCVC.swift */ = {isa = PBXFileReference; lastKnownFileType = sourcecode.swift; path = HometotalOrdersCVC.swift; sourceTree = "<group>"; };
		278C34572A855CCA0088BDB9 /* HoursCVC.swift */ = {isa = PBXFileReference; lastKnownFileType = sourcecode.swift; path = HoursCVC.swift; sourceTree = "<group>"; };
		2794F81D2A69A72700F53979 /* YearlySalesByMonth.swift */ = {isa = PBXFileReference; fileEncoding = 4; lastKnownFileType = sourcecode.swift; path = YearlySalesByMonth.swift; sourceTree = "<group>"; };
		2794F8202A69A75800F53979 /* StatsModel.swift */ = {isa = PBXFileReference; fileEncoding = 4; lastKnownFileType = sourcecode.swift; path = StatsModel.swift; sourceTree = "<group>"; };
		27C3AD6D2A40CF0F00EAA282 /* OrdersCVC.swift */ = {isa = PBXFileReference; lastKnownFileType = sourcecode.swift; path = OrdersCVC.swift; sourceTree = "<group>"; };
		27C913CD2A5DCA5D0063ED46 /* EdititemsVC.swift */ = {isa = PBXFileReference; lastKnownFileType = sourcecode.swift; path = EdititemsVC.swift; sourceTree = "<group>"; };
		27C913D02A5DCB9C0063ED46 /* MenufoodTVC.swift */ = {isa = PBXFileReference; lastKnownFileType = sourcecode.swift; path = MenufoodTVC.swift; sourceTree = "<group>"; };
		27CDEFF32A8BFDCB003A2C26 /* StoreHoursModel.swift */ = {isa = PBXFileReference; fileEncoding = 4; lastKnownFileType = sourcecode.swift; name = StoreHoursModel.swift; path = ../../../../../../Desktop/StoreHoursModel.swift; sourceTree = "<group>"; };
		27D073652A39F0140098E859 /* AdopteUneLivrasion.app */ = {isa = PBXFileReference; explicitFileType = wrapper.application; includeInIndex = 0; path = AdopteUneLivrasion.app; sourceTree = BUILT_PRODUCTS_DIR; };
		27D073682A39F0140098E859 /* AppDelegate.swift */ = {isa = PBXFileReference; lastKnownFileType = sourcecode.swift; path = AppDelegate.swift; sourceTree = "<group>"; };
		27D0736A2A39F0140098E859 /* SceneDelegate.swift */ = {isa = PBXFileReference; lastKnownFileType = sourcecode.swift; path = SceneDelegate.swift; sourceTree = "<group>"; };
		27D0736F2A39F0140098E859 /* Base */ = {isa = PBXFileReference; lastKnownFileType = file.storyboard; name = Base; path = Base.lproj/Main.storyboard; sourceTree = "<group>"; };
		27D073712A39F0160098E859 /* Assets.xcassets */ = {isa = PBXFileReference; lastKnownFileType = folder.assetcatalog; path = Assets.xcassets; sourceTree = "<group>"; };
		27D073742A39F0160098E859 /* Base */ = {isa = PBXFileReference; lastKnownFileType = file.storyboard; name = Base; path = Base.lproj/LaunchScreen.storyboard; sourceTree = "<group>"; };
		27D073762A39F0160098E859 /* Info.plist */ = {isa = PBXFileReference; lastKnownFileType = text.plist.xml; path = Info.plist; sourceTree = "<group>"; };
		27D0737B2A39F0160098E859 /* AdopteUneLivrasionTests.xctest */ = {isa = PBXFileReference; explicitFileType = wrapper.cfbundle; includeInIndex = 0; path = AdopteUneLivrasionTests.xctest; sourceTree = BUILT_PRODUCTS_DIR; };
		27D0737F2A39F0160098E859 /* AdopteUneLivrasionTests.swift */ = {isa = PBXFileReference; lastKnownFileType = sourcecode.swift; path = AdopteUneLivrasionTests.swift; sourceTree = "<group>"; };
		27D073852A39F0160098E859 /* AdopteUneLivrasionUITests.xctest */ = {isa = PBXFileReference; explicitFileType = wrapper.cfbundle; includeInIndex = 0; path = AdopteUneLivrasionUITests.xctest; sourceTree = BUILT_PRODUCTS_DIR; };
		27D073892A39F0160098E859 /* AdopteUneLivrasionUITests.swift */ = {isa = PBXFileReference; lastKnownFileType = sourcecode.swift; path = AdopteUneLivrasionUITests.swift; sourceTree = "<group>"; };
		27D0738B2A39F0160098E859 /* AdopteUneLivrasionUITestsLaunchTests.swift */ = {isa = PBXFileReference; lastKnownFileType = sourcecode.swift; path = AdopteUneLivrasionUITestsLaunchTests.swift; sourceTree = "<group>"; };
		27D70D0B2A6EF38D00080767 /* OrderscustomersTVC.swift */ = {isa = PBXFileReference; lastKnownFileType = sourcecode.swift; path = OrderscustomersTVC.swift; sourceTree = "<group>"; };
		27EE0BD02A3B69BF00CADF99 /* TabbarVC.swift */ = {isa = PBXFileReference; fileEncoding = 4; lastKnownFileType = sourcecode.swift; path = TabbarVC.swift; sourceTree = "<group>"; };
		27EE0BD32A3B69F500CADF99 /* SigninVC.swift */ = {isa = PBXFileReference; lastKnownFileType = sourcecode.swift; path = SigninVC.swift; sourceTree = "<group>"; };
		27EE0BD72A3B6A1400CADF99 /* SignupVC.swift */ = {isa = PBXFileReference; lastKnownFileType = sourcecode.swift; path = SignupVC.swift; sourceTree = "<group>"; };
		27EE0BDA2A3B6A2B00CADF99 /* ForgotVC.swift */ = {isa = PBXFileReference; lastKnownFileType = sourcecode.swift; path = ForgotVC.swift; sourceTree = "<group>"; };
		27EE0BDD2A3B6BB400CADF99 /* AppStoryboards.swift */ = {isa = PBXFileReference; fileEncoding = 4; lastKnownFileType = sourcecode.swift; path = AppStoryboards.swift; sourceTree = "<group>"; };
		515D6E6196EC3E2E6FD21579 /* Pods_AdopteUneLivrasionTests.framework */ = {isa = PBXFileReference; explicitFileType = wrapper.framework; includeInIndex = 0; path = Pods_AdopteUneLivrasionTests.framework; sourceTree = BUILT_PRODUCTS_DIR; };
		7CED03358CEE4D60F16C9839 /* Pods_AdopteUneLivrasion_AdopteUneLivrasionUITests.framework */ = {isa = PBXFileReference; explicitFileType = wrapper.framework; includeInIndex = 0; path = Pods_AdopteUneLivrasion_AdopteUneLivrasionUITests.framework; sourceTree = BUILT_PRODUCTS_DIR; };
		7FFB2A17FA46F88A79C21F45 /* Pods-AdopteUneLivrasionTests.debug.xcconfig */ = {isa = PBXFileReference; includeInIndex = 1; lastKnownFileType = text.xcconfig; name = "Pods-AdopteUneLivrasionTests.debug.xcconfig"; path = "Target Support Files/Pods-AdopteUneLivrasionTests/Pods-AdopteUneLivrasionTests.debug.xcconfig"; sourceTree = "<group>"; };
		CFC6D33169914ED3BAD40F97 /* Pods-AdopteUneLivrasion-AdopteUneLivrasionUITests.debug.xcconfig */ = {isa = PBXFileReference; includeInIndex = 1; lastKnownFileType = text.xcconfig; name = "Pods-AdopteUneLivrasion-AdopteUneLivrasionUITests.debug.xcconfig"; path = "Target Support Files/Pods-AdopteUneLivrasion-AdopteUneLivrasionUITests/Pods-AdopteUneLivrasion-AdopteUneLivrasionUITests.debug.xcconfig"; sourceTree = "<group>"; };
		D6E7571455B2FD7B076A3585 /* Pods-AdopteUneLivrasion-AdopteUneLivrasionUITests.release.xcconfig */ = {isa = PBXFileReference; includeInIndex = 1; lastKnownFileType = text.xcconfig; name = "Pods-AdopteUneLivrasion-AdopteUneLivrasionUITests.release.xcconfig"; path = "Target Support Files/Pods-AdopteUneLivrasion-AdopteUneLivrasionUITests/Pods-AdopteUneLivrasion-AdopteUneLivrasionUITests.release.xcconfig"; sourceTree = "<group>"; };
/* End PBXFileReference section */

/* Begin PBXFrameworksBuildPhase section */
		27D073622A39F0140098E859 /* Frameworks */ = {
			isa = PBXFrameworksBuildPhase;
			buildActionMask = 2147483647;
			files = (
				7C9C3A1BBD05DA4FFC761B0A /* Pods_AdopteUneLivrasion.framework in Frameworks */,
			);
			runOnlyForDeploymentPostprocessing = 0;
		};
		27D073782A39F0160098E859 /* Frameworks */ = {
			isa = PBXFrameworksBuildPhase;
			buildActionMask = 2147483647;
			files = (
				4587B442218B90739418DD82 /* Pods_AdopteUneLivrasionTests.framework in Frameworks */,
			);
			runOnlyForDeploymentPostprocessing = 0;
		};
		27D073822A39F0160098E859 /* Frameworks */ = {
			isa = PBXFrameworksBuildPhase;
			buildActionMask = 2147483647;
			files = (
				973381C827E667E1FBC72ACE /* Pods_AdopteUneLivrasion_AdopteUneLivrasionUITests.framework in Frameworks */,
			);
			runOnlyForDeploymentPostprocessing = 0;
		};
/* End PBXFrameworksBuildPhase section */

/* Begin PBXGroup section */
		271C25102A534FB30048ED28 /* MenumainTVC */ = {
			isa = PBXGroup;
			children = (
				271C25132A534FF60048ED28 /* MenumainTVC.swift */,
			);
			path = MenumainTVC;
			sourceTree = "<group>";
		};
		271E08232A75351B00F70246 /* ItemsModel */ = {
			isa = PBXGroup;
			children = (
				271E08242A75352A00F70246 /* Pivot.swift */,
				271E08262A75352D00F70246 /* Category.swift */,
				271E082A2A75353400F70246 /* ItemMeta.swift */,
				271E08302A75353E00F70246 /* ItemsModel.swift */,
				271E082C2A75353700F70246 /* Size.swift */,
				271E082E2A75353B00F70246 /* Price.swift */,
				271E08282A75353100F70246 /* Favourite.swift */,
			);
			path = ItemsModel;
			sourceTree = "<group>";
		};
		271E08322A754A4600F70246 /* Sixemodel */ = {
			isa = PBXGroup;
			children = (
				271E08332A754A5A00F70246 /* sizeModelMAin.swift */,
			);
			path = Sixemodel;
			sourceTree = "<group>";
		};
		271E08362A754EAA00F70246 /* MenuSizeTVC */ = {
			isa = PBXGroup;
			children = (
				271E08372A754ECD00F70246 /* MenuSizeTVC.swift */,
			);
			path = MenuSizeTVC;
			sourceTree = "<group>";
		};
		273018262A59F49A00F4E5D9 /* RejectVC */ = {
			isa = PBXGroup;
			children = (
				275E75332A7D7A8E002CEDA5 /* RejectTVC */,
				273018272A59F4A600F4E5D9 /* RejectVC.swift */,
			);
			path = RejectVC;
			sourceTree = "<group>";
		};
		2734C8252A437DB8005F9AA5 /* Models */ = {
			isa = PBXGroup;
			children = (
				278C34592A8561CC0088BDB9 /* StoreHoursModel */,
				273F05792A7ECF68005A9A5E /* TransactionModel */,
				27803D212A7C4465002BC017 /* CookingModel */,
				27803D1E2A7C3F41002BC017 /* IngredientsModel */,
				271E08322A754A4600F70246 /* Sixemodel */,
				271E08232A75351B00F70246 /* ItemsModel */,
				274318EC2A71C9210012A9C0 /* CategoryModel */,
				274318EA2A71C3920012A9C0 /* Client.swift */,
				276E5C982A6DC13D002C988F /* HomeordersModel */,
				276E5C952A6D4874002C988F /* OrderstatusModel */,
				27AB8AF12A6C6B07001A311F /* ReviewModel */,
				2794F81F2A69A74B00F53979 /* StatsModel */,
				2794F81C2A69A71A00F53979 /* YearlySales */,
				2734C8262A437DBF005F9AA5 /* UserModel */,
			);
			path = Models;
			sourceTree = "<group>";
		};
		2734C8262A437DBF005F9AA5 /* UserModel */ = {
			isa = PBXGroup;
			children = (
				2734C8272A437DD0005F9AA5 /* UserModel.swift */,
			);
			path = UserModel;
			sourceTree = "<group>";
		};
		273A0DF12A58986C004A8B46 /* EditprofileVC */ = {
			isa = PBXGroup;
			children = (
				273A0DF22A589886004A8B46 /* EditprofileVC.swift */,
			);
			path = EditprofileVC;
			sourceTree = "<group>";
		};
		273A0DF42A58A1B5004A8B46 /* EditpasswordVC */ = {
			isa = PBXGroup;
			children = (
				273A0DF52A58A1C7004A8B46 /* EditpasswordVC.swift */,
			);
			path = EditpasswordVC;
			sourceTree = "<group>";
		};
		273A0DF72A58A870004A8B46 /* LocationVC */ = {
			isa = PBXGroup;
			children = (
				273A0DF82A58A87E004A8B46 /* LocationVC.swift */,
			);
			path = LocationVC;
			sourceTree = "<group>";
		};
		273A0DFA2A58AA7A004A8B46 /* LanguageVC */ = {
			isa = PBXGroup;
			children = (
				273A0DFB2A58AA87004A8B46 /* LanguageVC.swift */,
			);
			path = LanguageVC;
			sourceTree = "<group>";
		};
		273A0DFD2A58B43B004A8B46 /* DeleteVC */ = {
			isa = PBXGroup;
			children = (
				273A0DFE2A58B44C004A8B46 /* DeleteVC.swift */,
			);
			path = DeleteVC;
			sourceTree = "<group>";
		};
		273A0E002A58B534004A8B46 /* LegalVC */ = {
			isa = PBXGroup;
			children = (
				273A0E012A58B544004A8B46 /* LegalVC.swift */,
			);
			path = LegalVC;
			sourceTree = "<group>";
		};
		273ABA802A3C5CBE00E67D01 /* AccountVC */ = {
			isa = PBXGroup;
			children = (
				273ABA812A3C5CD400E67D01 /* AccountVC.swift */,
			);
			path = AccountVC;
			sourceTree = "<group>";
		};
		273ABA832A3C607C00E67D01 /* MerchantVC */ = {
			isa = PBXGroup;
			children = (
				273ABA842A3C608E00E67D01 /* MerchantVC.swift */,
			);
			path = MerchantVC;
			sourceTree = "<group>";
		};
		273ABA862A3C609400E67D01 /* MenuVC */ = {
			isa = PBXGroup;
			children = (
				27803D242A7C4481002BC017 /* CookingTVC */,
				27803D1B2A7C355E002BC017 /* IngredientsTVC */,
				271E08362A754EAA00F70246 /* MenuSizeTVC */,
				27C913CF2A5DCB790063ED46 /* MenufoodTVC */,
				271C25102A534FB30048ED28 /* MenumainTVC */,
				273ABA872A3C60A100E67D01 /* MenuVC.swift */,
			);
			path = MenuVC;
			sourceTree = "<group>";
		};
		273ABA892A3C60A600E67D01 /* OrdersVC */ = {
			isa = PBXGroup;
			children = (
				27C3AD6C2A40CEFB00EAA282 /* OrdersCVC */,
				273ABA8A2A3C60B500E67D01 /* OrdersVC.swift */,
			);
			path = OrdersVC;
			sourceTree = "<group>";
		};
		273ABA8C2A3C60BD00E67D01 /* HomeVC */ = {
			isa = PBXGroup;
			children = (
				27D70D0A2A6EF36900080767 /* OrderscustomersTVC */,
				278493A12A3F2A3C0008EAFB /* HometotalOrdersCVC */,
				273ABA922A3CE4E500E67D01 /* HomeOrdersCVC */,
				273ABA8F2A3CDB6A00E67D01 /* HomeearningCVC */,
				273ABA8D2A3C60CA00E67D01 /* HomeVC.swift */,
			);
			path = HomeVC;
			sourceTree = "<group>";
		};
		273ABA8F2A3CDB6A00E67D01 /* HomeearningCVC */ = {
			isa = PBXGroup;
			children = (
				273ABA902A3CDBA500E67D01 /* HomeearningCVC.swift */,
			);
			path = HomeearningCVC;
			sourceTree = "<group>";
		};
		273ABA922A3CE4E500E67D01 /* HomeOrdersCVC */ = {
			isa = PBXGroup;
			children = (
				273ABA932A3CE50300E67D01 /* HomeOrdersCVC.swift */,
			);
			path = HomeOrdersCVC;
			sourceTree = "<group>";
		};
		273F05792A7ECF68005A9A5E /* TransactionModel */ = {
			isa = PBXGroup;
			children = (
				273F057A2A7ECF7C005A9A5E /* TransactionModel.swift */,
			);
			path = TransactionModel;
			sourceTree = "<group>";
		};
		274318EC2A71C9210012A9C0 /* CategoryModel */ = {
			isa = PBXGroup;
			children = (
				274318ED2A71C92E0012A9C0 /* CategoryModel.swift */,
			);
			path = CategoryModel;
			sourceTree = "<group>";
		};
		275E75332A7D7A8E002CEDA5 /* RejectTVC */ = {
			isa = PBXGroup;
			children = (
				275E75342A7D7AA4002CEDA5 /* RejectTVC.swift */,
			);
			path = RejectTVC;
			sourceTree = "<group>";
		};
		275E75362A7D9848002CEDA5 /* OrderdetailsVC */ = {
			isa = PBXGroup;
			children = (
				275E75372A7D9862002CEDA5 /* OrderdetailsVC.swift */,
			);
			path = OrderdetailsVC;
			sourceTree = "<group>";
		};
		276909F72A84156C00371ECD /* AddressVC */ = {
			isa = PBXGroup;
			children = (
				276909F82A84158000371ECD /* AddressVC.swift */,
			);
			path = AddressVC;
			sourceTree = "<group>";
		};
		276909FA2A8419CF00371ECD /* SettingsVC */ = {
			isa = PBXGroup;
			children = (
				276909FB2A8419DF00371ECD /* SettingsVC.swift */,
			);
			path = SettingsVC;
			sourceTree = "<group>";
		};
		276909FD2A841FC100371ECD /* StorehoursVC */ = {
			isa = PBXGroup;
			children = (
				278C34562A855C9F0088BDB9 /* HoursCVC */,
				276909FE2A841FD200371ECD /* StorehoursVC.swift */,
			);
			path = StorehoursVC;
			sourceTree = "<group>";
		};
		276E5C952A6D4874002C988F /* OrderstatusModel */ = {
			isa = PBXGroup;
			children = (
				276E5C962A6D4890002C988F /* OrderstatusModel.swift */,
			);
			path = OrderstatusModel;
			sourceTree = "<group>";
		};
		276E5C982A6DC13D002C988F /* HomeordersModel */ = {
			isa = PBXGroup;
			children = (
				276E5C992A6DC154002C988F /* HomeordersModel.swift */,
			);
			path = HomeordersModel;
			sourceTree = "<group>";
		};
		27803D1B2A7C355E002BC017 /* IngredientsTVC */ = {
			isa = PBXGroup;
			children = (
				27803D1C2A7C3574002BC017 /* IngredientsTVC.swift */,
			);
			path = IngredientsTVC;
			sourceTree = "<group>";
		};
		27803D1E2A7C3F41002BC017 /* IngredientsModel */ = {
			isa = PBXGroup;
			children = (
				27803D1F2A7C3F56002BC017 /* IngredientsModel.swift */,
			);
			path = IngredientsModel;
			sourceTree = "<group>";
		};
		27803D212A7C4465002BC017 /* CookingModel */ = {
			isa = PBXGroup;
			children = (
				27803D272A7C44DA002BC017 /* cookingModel.swift */,
			);
			path = CookingModel;
			sourceTree = "<group>";
		};
		27803D242A7C4481002BC017 /* CookingTVC */ = {
			isa = PBXGroup;
			children = (
				27803D252A7C4494002BC017 /* CookingTVC.swift */,
			);
			path = CookingTVC;
			sourceTree = "<group>";
		};
		2780D6B92A83D84800513A0E /* InformationVC */ = {
			isa = PBXGroup;
			children = (
				2780D6BA2A83D86700513A0E /* InformationVC.swift */,
			);
			path = InformationVC;
			sourceTree = "<group>";
		};
		278493A12A3F2A3C0008EAFB /* HometotalOrdersCVC */ = {
			isa = PBXGroup;
			children = (
				278493A22A3F2A5E0008EAFB /* HometotalOrdersCVC.swift */,
			);
			path = HometotalOrdersCVC;
			sourceTree = "<group>";
		};
		278C34562A855C9F0088BDB9 /* HoursCVC */ = {
			isa = PBXGroup;
			children = (
				278C34572A855CCA0088BDB9 /* HoursCVC.swift */,
			);
			path = HoursCVC;
			sourceTree = "<group>";
		};
		278C34592A8561CC0088BDB9 /* StoreHoursModel */ = {
			isa = PBXGroup;
			children = (
				27CDEFF32A8BFDCB003A2C26 /* StoreHoursModel.swift */,
			);
			path = StoreHoursModel;
			sourceTree = "<group>";
		};
		2794F81C2A69A71A00F53979 /* YearlySales */ = {
			isa = PBXGroup;
			children = (
				2794F81D2A69A72700F53979 /* YearlySalesByMonth.swift */,
			);
			path = YearlySales;
			sourceTree = "<group>";
		};
		2794F81F2A69A74B00F53979 /* StatsModel */ = {
			isa = PBXGroup;
			children = (
				2794F8202A69A75800F53979 /* StatsModel.swift */,
			);
			path = StatsModel;
			sourceTree = "<group>";
		};
		27AB8AF12A6C6B07001A311F /* ReviewModel */ = {
			isa = PBXGroup;
			children = (
			);
			path = ReviewModel;
			sourceTree = "<group>";
		};
		27C3AD6C2A40CEFB00EAA282 /* OrdersCVC */ = {
			isa = PBXGroup;
			children = (
				27C3AD6D2A40CF0F00EAA282 /* OrdersCVC.swift */,
			);
			path = OrdersCVC;
			sourceTree = "<group>";
		};
		27C913CC2A5DCA4A0063ED46 /* EdititemsVC */ = {
			isa = PBXGroup;
			children = (
				27C913CD2A5DCA5D0063ED46 /* EdititemsVC.swift */,
			);
			path = EdititemsVC;
			sourceTree = "<group>";
		};
		27C913CF2A5DCB790063ED46 /* MenufoodTVC */ = {
			isa = PBXGroup;
			children = (
				27C913D02A5DCB9C0063ED46 /* MenufoodTVC.swift */,
			);
			path = MenufoodTVC;
			sourceTree = "<group>";
		};
		27D0735C2A39F0140098E859 = {
			isa = PBXGroup;
			children = (
				27D073672A39F0140098E859 /* AdopteUneLivrasion */,
				27D0737E2A39F0160098E859 /* AdopteUneLivrasionTests */,
				27D073882A39F0160098E859 /* AdopteUneLivrasionUITests */,
				27D073662A39F0140098E859 /* Products */,
				8734A821EDB9D3D4C1BC541C /* Pods */,
				5D3B6831E3CFA8B87F5FE24C /* Frameworks */,
			);
			sourceTree = "<group>";
		};
		27D073662A39F0140098E859 /* Products */ = {
			isa = PBXGroup;
			children = (
				27D073652A39F0140098E859 /* AdopteUneLivrasion.app */,
				27D0737B2A39F0160098E859 /* AdopteUneLivrasionTests.xctest */,
				27D073852A39F0160098E859 /* AdopteUneLivrasionUITests.xctest */,
			);
			name = Products;
			sourceTree = "<group>";
		};
		27D073672A39F0140098E859 /* AdopteUneLivrasion */ = {
			isa = PBXGroup;
			children = (
				2734C8252A437DB8005F9AA5 /* Models */,
				27EE0BCB2A3B694700CADF99 /* Extension */,
				27D0739A2A39F0510098E859 /* Resources */,
				27D073992A39F0400098E859 /* Controllers */,
				27D073982A39F02D0098E859 /* Delegates */,
				27D073762A39F0160098E859 /* Info.plist */,
			);
			path = AdopteUneLivrasion;
			sourceTree = "<group>";
		};
		27D0737E2A39F0160098E859 /* AdopteUneLivrasionTests */ = {
			isa = PBXGroup;
			children = (
				27D0737F2A39F0160098E859 /* AdopteUneLivrasionTests.swift */,
			);
			path = AdopteUneLivrasionTests;
			sourceTree = "<group>";
		};
		27D073882A39F0160098E859 /* AdopteUneLivrasionUITests */ = {
			isa = PBXGroup;
			children = (
				27D073892A39F0160098E859 /* AdopteUneLivrasionUITests.swift */,
				27D0738B2A39F0160098E859 /* AdopteUneLivrasionUITestsLaunchTests.swift */,
			);
			path = AdopteUneLivrasionUITests;
			sourceTree = "<group>";
		};
		27D073982A39F02D0098E859 /* Delegates */ = {
			isa = PBXGroup;
			children = (
				27D073682A39F0140098E859 /* AppDelegate.swift */,
				27D0736A2A39F0140098E859 /* SceneDelegate.swift */,
			);
			path = Delegates;
			sourceTree = "<group>";
		};
		27D073992A39F0400098E859 /* Controllers */ = {
			isa = PBXGroup;
			children = (
				276909FD2A841FC100371ECD /* StorehoursVC */,
				276909FA2A8419CF00371ECD /* SettingsVC */,
				276909F72A84156C00371ECD /* AddressVC */,
				2780D6B92A83D84800513A0E /* InformationVC */,
				275E75362A7D9848002CEDA5 /* OrderdetailsVC */,
				27C913CC2A5DCA4A0063ED46 /* EdititemsVC */,
				273018262A59F49A00F4E5D9 /* RejectVC */,
				273A0E002A58B534004A8B46 /* LegalVC */,
				273A0DFD2A58B43B004A8B46 /* DeleteVC */,
				273A0DFA2A58AA7A004A8B46 /* LanguageVC */,
				273A0DF72A58A870004A8B46 /* LocationVC */,
				273A0DF42A58A1B5004A8B46 /* EditpasswordVC */,
				273A0DF12A58986C004A8B46 /* EditprofileVC */,
				273ABA8C2A3C60BD00E67D01 /* HomeVC */,
				273ABA892A3C60A600E67D01 /* OrdersVC */,
				273ABA862A3C609400E67D01 /* MenuVC */,
				273ABA832A3C607C00E67D01 /* MerchantVC */,
				273ABA802A3C5CBE00E67D01 /* AccountVC */,
				27EE0BDC2A3B6A3E00CADF99 /* TabbarVC */,
				27EE0BD92A3B6A1900CADF99 /* ForgotVC */,
				27EE0BD52A3B69FB00CADF99 /* SignUpVC */,
				27EE0BD22A3B69D400CADF99 /* SigninVC */,
			);
			path = Controllers;
			sourceTree = "<group>";
		};
		27D0739A2A39F0510098E859 /* Resources */ = {
			isa = PBXGroup;
			children = (
				27D073732A39F0160098E859 /* LaunchScreen.storyboard */,
				27D073712A39F0160098E859 /* Assets.xcassets */,
				27D0736E2A39F0140098E859 /* Main.storyboard */,
			);
			path = Resources;
			sourceTree = "<group>";
		};
		27D70D0A2A6EF36900080767 /* OrderscustomersTVC */ = {
			isa = PBXGroup;
			children = (
				27D70D0B2A6EF38D00080767 /* OrderscustomersTVC.swift */,
			);
			path = OrderscustomersTVC;
			sourceTree = "<group>";
		};
		27EE0BCB2A3B694700CADF99 /* Extension */ = {
			isa = PBXGroup;
			children = (
				2734C8232A437C3A005F9AA5 /* Utility.swift */,
				2734C8212A4371BB005F9AA5 /* ALF.swift */,
				273ABA7C2A3B727100E67D01 /* BaseVC.swift */,
				27EE0BDD2A3B6BB400CADF99 /* AppStoryboards.swift */,
				273ABA7E2A3B727C00E67D01 /* Extensions.swift */,
			);
			path = Extension;
			sourceTree = "<group>";
		};
		27EE0BD22A3B69D400CADF99 /* SigninVC */ = {
			isa = PBXGroup;
			children = (
				27EE0BD32A3B69F500CADF99 /* SigninVC.swift */,
			);
			path = SigninVC;
			sourceTree = "<group>";
		};
		27EE0BD52A3B69FB00CADF99 /* SignUpVC */ = {
			isa = PBXGroup;
			children = (
				27EE0BD72A3B6A1400CADF99 /* SignupVC.swift */,
			);
			path = SignUpVC;
			sourceTree = "<group>";
		};
		27EE0BD92A3B6A1900CADF99 /* ForgotVC */ = {
			isa = PBXGroup;
			children = (
				27EE0BDA2A3B6A2B00CADF99 /* ForgotVC.swift */,
			);
			path = ForgotVC;
			sourceTree = "<group>";
		};
		27EE0BDC2A3B6A3E00CADF99 /* TabbarVC */ = {
			isa = PBXGroup;
			children = (
				27EE0BD02A3B69BF00CADF99 /* TabbarVC.swift */,
			);
			path = TabbarVC;
			sourceTree = "<group>";
		};
		5D3B6831E3CFA8B87F5FE24C /* Frameworks */ = {
			isa = PBXGroup;
			children = (
				00D318984A832F03EDFE1B11 /* Pods_AdopteUneLivrasion.framework */,
				7CED03358CEE4D60F16C9839 /* Pods_AdopteUneLivrasion_AdopteUneLivrasionUITests.framework */,
				515D6E6196EC3E2E6FD21579 /* Pods_AdopteUneLivrasionTests.framework */,
			);
			name = Frameworks;
			sourceTree = "<group>";
		};
		8734A821EDB9D3D4C1BC541C /* Pods */ = {
			isa = PBXGroup;
			children = (
				1BDBC1DCE0EB753058B8393A /* Pods-AdopteUneLivrasion.debug.xcconfig */,
				03A7CB3F38AC50C5C27F3A1D /* Pods-AdopteUneLivrasion.release.xcconfig */,
				CFC6D33169914ED3BAD40F97 /* Pods-AdopteUneLivrasion-AdopteUneLivrasionUITests.debug.xcconfig */,
				D6E7571455B2FD7B076A3585 /* Pods-AdopteUneLivrasion-AdopteUneLivrasionUITests.release.xcconfig */,
				7FFB2A17FA46F88A79C21F45 /* Pods-AdopteUneLivrasionTests.debug.xcconfig */,
				08B61DCEBA95E2B88D3C2688 /* Pods-AdopteUneLivrasionTests.release.xcconfig */,
			);
			path = Pods;
			sourceTree = "<group>";
		};
/* End PBXGroup section */

/* Begin PBXNativeTarget section */
		27D073642A39F0140098E859 /* AdopteUneLivrasion */ = {
			isa = PBXNativeTarget;
			buildConfigurationList = 27D0738F2A39F0160098E859 /* Build configuration list for PBXNativeTarget "AdopteUneLivrasion" */;
			buildPhases = (
				7638D1E5839C9879DAC6A030 /* [CP] Check Pods Manifest.lock */,
				27D073612A39F0140098E859 /* Sources */,
				27D073622A39F0140098E859 /* Frameworks */,
				27D073632A39F0140098E859 /* Resources */,
				0E0B0DEE4EADFAC89794C8F2 /* [CP] Embed Pods Frameworks */,
			);
			buildRules = (
			);
			dependencies = (
			);
			name = AdopteUneLivrasion;
			productName = AdopteUneLivrasion;
			productReference = 27D073652A39F0140098E859 /* AdopteUneLivrasion.app */;
			productType = "com.apple.product-type.application";
		};
		27D0737A2A39F0160098E859 /* AdopteUneLivrasionTests */ = {
			isa = PBXNativeTarget;
			buildConfigurationList = 27D073922A39F0160098E859 /* Build configuration list for PBXNativeTarget "AdopteUneLivrasionTests" */;
			buildPhases = (
				4A03357287DFA401EE22087A /* [CP] Check Pods Manifest.lock */,
				27D073772A39F0160098E859 /* Sources */,
				27D073782A39F0160098E859 /* Frameworks */,
				27D073792A39F0160098E859 /* Resources */,
			);
			buildRules = (
			);
			dependencies = (
				27D0737D2A39F0160098E859 /* PBXTargetDependency */,
			);
			name = AdopteUneLivrasionTests;
			productName = AdopteUneLivrasionTests;
			productReference = 27D0737B2A39F0160098E859 /* AdopteUneLivrasionTests.xctest */;
			productType = "com.apple.product-type.bundle.unit-test";
		};
		27D073842A39F0160098E859 /* AdopteUneLivrasionUITests */ = {
			isa = PBXNativeTarget;
			buildConfigurationList = 27D073952A39F0160098E859 /* Build configuration list for PBXNativeTarget "AdopteUneLivrasionUITests" */;
			buildPhases = (
				4B48BA5285B1A466F7B61323 /* [CP] Check Pods Manifest.lock */,
				27D073812A39F0160098E859 /* Sources */,
				27D073822A39F0160098E859 /* Frameworks */,
				27D073832A39F0160098E859 /* Resources */,
				39D50FD3D83107D4EB569373 /* [CP] Embed Pods Frameworks */,
			);
			buildRules = (
			);
			dependencies = (
				27D073872A39F0160098E859 /* PBXTargetDependency */,
			);
			name = AdopteUneLivrasionUITests;
			productName = AdopteUneLivrasionUITests;
			productReference = 27D073852A39F0160098E859 /* AdopteUneLivrasionUITests.xctest */;
			productType = "com.apple.product-type.bundle.ui-testing";
		};
/* End PBXNativeTarget section */

/* Begin PBXProject section */
		27D0735D2A39F0140098E859 /* Project object */ = {
			isa = PBXProject;
			attributes = {
				BuildIndependentTargetsInParallel = 1;
				LastSwiftUpdateCheck = 1430;
				LastUpgradeCheck = 1430;
				TargetAttributes = {
					27D073642A39F0140098E859 = {
						CreatedOnToolsVersion = 14.3;
					};
					27D0737A2A39F0160098E859 = {
						CreatedOnToolsVersion = 14.3;
						TestTargetID = 27D073642A39F0140098E859;
					};
					27D073842A39F0160098E859 = {
						CreatedOnToolsVersion = 14.3;
						TestTargetID = 27D073642A39F0140098E859;
					};
				};
			};
			buildConfigurationList = 27D073602A39F0140098E859 /* Build configuration list for PBXProject "AdopteUneLivrasion" */;
			compatibilityVersion = "Xcode 14.0";
			developmentRegion = en;
			hasScannedForEncodings = 0;
			knownRegions = (
				en,
				Base,
			);
			mainGroup = 27D0735C2A39F0140098E859;
			productRefGroup = 27D073662A39F0140098E859 /* Products */;
			projectDirPath = "";
			projectRoot = "";
			targets = (
				27D073642A39F0140098E859 /* AdopteUneLivrasion */,
				27D0737A2A39F0160098E859 /* AdopteUneLivrasionTests */,
				27D073842A39F0160098E859 /* AdopteUneLivrasionUITests */,
			);
		};
/* End PBXProject section */

/* Begin PBXResourcesBuildPhase section */
		27D073632A39F0140098E859 /* Resources */ = {
			isa = PBXResourcesBuildPhase;
			buildActionMask = 2147483647;
			files = (
				27D073752A39F0160098E859 /* LaunchScreen.storyboard in Resources */,
				27D073722A39F0160098E859 /* Assets.xcassets in Resources */,
				27D073702A39F0140098E859 /* Main.storyboard in Resources */,
			);
			runOnlyForDeploymentPostprocessing = 0;
		};
		27D073792A39F0160098E859 /* Resources */ = {
			isa = PBXResourcesBuildPhase;
			buildActionMask = 2147483647;
			files = (
			);
			runOnlyForDeploymentPostprocessing = 0;
		};
		27D073832A39F0160098E859 /* Resources */ = {
			isa = PBXResourcesBuildPhase;
			buildActionMask = 2147483647;
			files = (
			);
			runOnlyForDeploymentPostprocessing = 0;
		};
/* End PBXResourcesBuildPhase section */

/* Begin PBXShellScriptBuildPhase section */
		0E0B0DEE4EADFAC89794C8F2 /* [CP] Embed Pods Frameworks */ = {
			isa = PBXShellScriptBuildPhase;
			buildActionMask = 2147483647;
			files = (
			);
			inputFileListPaths = (
				"${PODS_ROOT}/Target Support Files/Pods-AdopteUneLivrasion/Pods-AdopteUneLivrasion-frameworks-${CONFIGURATION}-input-files.xcfilelist",
			);
			name = "[CP] Embed Pods Frameworks";
			outputFileListPaths = (
				"${PODS_ROOT}/Target Support Files/Pods-AdopteUneLivrasion/Pods-AdopteUneLivrasion-frameworks-${CONFIGURATION}-output-files.xcfilelist",
			);
			runOnlyForDeploymentPostprocessing = 0;
			shellPath = /bin/sh;
			shellScript = "\"${PODS_ROOT}/Target Support Files/Pods-AdopteUneLivrasion/Pods-AdopteUneLivrasion-frameworks.sh\"\n";
			showEnvVarsInLog = 0;
		};
		39D50FD3D83107D4EB569373 /* [CP] Embed Pods Frameworks */ = {
			isa = PBXShellScriptBuildPhase;
			buildActionMask = 2147483647;
			files = (
			);
			inputFileListPaths = (
				"${PODS_ROOT}/Target Support Files/Pods-AdopteUneLivrasion-AdopteUneLivrasionUITests/Pods-AdopteUneLivrasion-AdopteUneLivrasionUITests-frameworks-${CONFIGURATION}-input-files.xcfilelist",
			);
			name = "[CP] Embed Pods Frameworks";
			outputFileListPaths = (
				"${PODS_ROOT}/Target Support Files/Pods-AdopteUneLivrasion-AdopteUneLivrasionUITests/Pods-AdopteUneLivrasion-AdopteUneLivrasionUITests-frameworks-${CONFIGURATION}-output-files.xcfilelist",
			);
			runOnlyForDeploymentPostprocessing = 0;
			shellPath = /bin/sh;
			shellScript = "\"${PODS_ROOT}/Target Support Files/Pods-AdopteUneLivrasion-AdopteUneLivrasionUITests/Pods-AdopteUneLivrasion-AdopteUneLivrasionUITests-frameworks.sh\"\n";
			showEnvVarsInLog = 0;
		};
		4A03357287DFA401EE22087A /* [CP] Check Pods Manifest.lock */ = {
			isa = PBXShellScriptBuildPhase;
			buildActionMask = 2147483647;
			files = (
			);
			inputFileListPaths = (
			);
			inputPaths = (
				"${PODS_PODFILE_DIR_PATH}/Podfile.lock",
				"${PODS_ROOT}/Manifest.lock",
			);
			name = "[CP] Check Pods Manifest.lock";
			outputFileListPaths = (
			);
			outputPaths = (
				"$(DERIVED_FILE_DIR)/Pods-AdopteUneLivrasionTests-checkManifestLockResult.txt",
			);
			runOnlyForDeploymentPostprocessing = 0;
			shellPath = /bin/sh;
			shellScript = "diff \"${PODS_PODFILE_DIR_PATH}/Podfile.lock\" \"${PODS_ROOT}/Manifest.lock\" > /dev/null\nif [ $? != 0 ] ; then\n    # print error to STDERR\n    echo \"error: The sandbox is not in sync with the Podfile.lock. Run 'pod install' or update your CocoaPods installation.\" >&2\n    exit 1\nfi\n# This output is used by Xcode 'outputs' to avoid re-running this script phase.\necho \"SUCCESS\" > \"${SCRIPT_OUTPUT_FILE_0}\"\n";
			showEnvVarsInLog = 0;
		};
		4B48BA5285B1A466F7B61323 /* [CP] Check Pods Manifest.lock */ = {
			isa = PBXShellScriptBuildPhase;
			buildActionMask = 2147483647;
			files = (
			);
			inputFileListPaths = (
			);
			inputPaths = (
				"${PODS_PODFILE_DIR_PATH}/Podfile.lock",
				"${PODS_ROOT}/Manifest.lock",
			);
			name = "[CP] Check Pods Manifest.lock";
			outputFileListPaths = (
			);
			outputPaths = (
				"$(DERIVED_FILE_DIR)/Pods-AdopteUneLivrasion-AdopteUneLivrasionUITests-checkManifestLockResult.txt",
			);
			runOnlyForDeploymentPostprocessing = 0;
			shellPath = /bin/sh;
			shellScript = "diff \"${PODS_PODFILE_DIR_PATH}/Podfile.lock\" \"${PODS_ROOT}/Manifest.lock\" > /dev/null\nif [ $? != 0 ] ; then\n    # print error to STDERR\n    echo \"error: The sandbox is not in sync with the Podfile.lock. Run 'pod install' or update your CocoaPods installation.\" >&2\n    exit 1\nfi\n# This output is used by Xcode 'outputs' to avoid re-running this script phase.\necho \"SUCCESS\" > \"${SCRIPT_OUTPUT_FILE_0}\"\n";
			showEnvVarsInLog = 0;
		};
		7638D1E5839C9879DAC6A030 /* [CP] Check Pods Manifest.lock */ = {
			isa = PBXShellScriptBuildPhase;
			buildActionMask = 2147483647;
			files = (
			);
			inputFileListPaths = (
			);
			inputPaths = (
				"${PODS_PODFILE_DIR_PATH}/Podfile.lock",
				"${PODS_ROOT}/Manifest.lock",
			);
			name = "[CP] Check Pods Manifest.lock";
			outputFileListPaths = (
			);
			outputPaths = (
				"$(DERIVED_FILE_DIR)/Pods-AdopteUneLivrasion-checkManifestLockResult.txt",
			);
			runOnlyForDeploymentPostprocessing = 0;
			shellPath = /bin/sh;
			shellScript = "diff \"${PODS_PODFILE_DIR_PATH}/Podfile.lock\" \"${PODS_ROOT}/Manifest.lock\" > /dev/null\nif [ $? != 0 ] ; then\n    # print error to STDERR\n    echo \"error: The sandbox is not in sync with the Podfile.lock. Run 'pod install' or update your CocoaPods installation.\" >&2\n    exit 1\nfi\n# This output is used by Xcode 'outputs' to avoid re-running this script phase.\necho \"SUCCESS\" > \"${SCRIPT_OUTPUT_FILE_0}\"\n";
			showEnvVarsInLog = 0;
		};
/* End PBXShellScriptBuildPhase section */

/* Begin PBXSourcesBuildPhase section */
		27D073612A39F0140098E859 /* Sources */ = {
			isa = PBXSourcesBuildPhase;
			buildActionMask = 2147483647;
			files = (
				2734C8242A437C3A005F9AA5 /* Utility.swift in Sources */,
				273018282A59F4A600F4E5D9 /* RejectVC.swift in Sources */,
				274318EB2A71C3920012A9C0 /* Client.swift in Sources */,
				2780D6BB2A83D86700513A0E /* InformationVC.swift in Sources */,
				276E5C972A6D4890002C988F /* OrderstatusModel.swift in Sources */,
				27803D282A7C44DA002BC017 /* cookingModel.swift in Sources */,
				2794F81E2A69A72700F53979 /* YearlySalesByMonth.swift in Sources */,
				2734C8282A437DD0005F9AA5 /* UserModel.swift in Sources */,
				273A0E022A58B544004A8B46 /* LegalVC.swift in Sources */,
				276909F92A84158000371ECD /* AddressVC.swift in Sources */,
				271E08312A75353E00F70246 /* ItemsModel.swift in Sources */,
				27EE0BD82A3B6A1400CADF99 /* SignupVC.swift in Sources */,
				2734C8222A4371BB005F9AA5 /* ALF.swift in Sources */,
				278493A32A3F2A5E0008EAFB /* HometotalOrdersCVC.swift in Sources */,
				273ABA8E2A3C60CA00E67D01 /* HomeVC.swift in Sources */,
				276E5C9A2A6DC154002C988F /* HomeordersModel.swift in Sources */,
				273A0DF32A589886004A8B46 /* EditprofileVC.swift in Sources */,
				273ABA942A3CE50300E67D01 /* HomeOrdersCVC.swift in Sources */,
				271E08252A75352A00F70246 /* Pivot.swift in Sources */,
				273A0DFC2A58AA87004A8B46 /* LanguageVC.swift in Sources */,
				27803D202A7C3F56002BC017 /* IngredientsModel.swift in Sources */,
				273ABA7F2A3B727C00E67D01 /* Extensions.swift in Sources */,
				273A0DF62A58A1C7004A8B46 /* EditpasswordVC.swift in Sources */,
				27803D262A7C4494002BC017 /* CookingTVC.swift in Sources */,
				27D073692A39F0140098E859 /* AppDelegate.swift in Sources */,
				27EE0BDB2A3B6A2B00CADF99 /* ForgotVC.swift in Sources */,
				278C34582A855CCA0088BDB9 /* HoursCVC.swift in Sources */,
				276909FF2A841FD200371ECD /* StorehoursVC.swift in Sources */,
				273ABA7D2A3B727100E67D01 /* BaseVC.swift in Sources */,
				273ABA882A3C60A100E67D01 /* MenuVC.swift in Sources */,
				27D0736B2A39F0140098E859 /* SceneDelegate.swift in Sources */,
				27803D1D2A7C3574002BC017 /* IngredientsTVC.swift in Sources */,
				27C913D12A5DCB9C0063ED46 /* MenufoodTVC.swift in Sources */,
				271E08292A75353100F70246 /* Favourite.swift in Sources */,
				273A0DF92A58A87E004A8B46 /* LocationVC.swift in Sources */,
				271E08342A754A5A00F70246 /* sizeModelMAin.swift in Sources */,
				27C913CE2A5DCA5D0063ED46 /* EdititemsVC.swift in Sources */,
				27D70D0C2A6EF38D00080767 /* OrderscustomersTVC.swift in Sources */,
				273ABA822A3C5CD400E67D01 /* AccountVC.swift in Sources */,
				271E082D2A75353700F70246 /* Size.swift in Sources */,
				276909FC2A8419DF00371ECD /* SettingsVC.swift in Sources */,
				273F057B2A7ECF7C005A9A5E /* TransactionModel.swift in Sources */,
				275E75352A7D7AA4002CEDA5 /* RejectTVC.swift in Sources */,
				27CDEFF42A8BFDCB003A2C26 /* StoreHoursModel.swift in Sources */,
				271E08382A754ECD00F70246 /* MenuSizeTVC.swift in Sources */,
				273A0DFF2A58B44C004A8B46 /* DeleteVC.swift in Sources */,
				27EE0BDE2A3B6BB500CADF99 /* AppStoryboards.swift in Sources */,
				2794F8212A69A75800F53979 /* StatsModel.swift in Sources */,
				271E08272A75352D00F70246 /* Category.swift in Sources */,
				275E75382A7D9862002CEDA5 /* OrderdetailsVC.swift in Sources */,
				273ABA852A3C608E00E67D01 /* MerchantVC.swift in Sources */,
				27C3AD6E2A40CF0F00EAA282 /* OrdersCVC.swift in Sources */,
				273ABA8B2A3C60B500E67D01 /* OrdersVC.swift in Sources */,
				27EE0BD42A3B69F500CADF99 /* SigninVC.swift in Sources */,
				271C25142A534FF60048ED28 /* MenumainTVC.swift in Sources */,
				274318EE2A71C92E0012A9C0 /* CategoryModel.swift in Sources */,
				271E082B2A75353400F70246 /* ItemMeta.swift in Sources */,
				271E082F2A75353B00F70246 /* Price.swift in Sources */,
				273ABA912A3CDBA500E67D01 /* HomeearningCVC.swift in Sources */,
				27EE0BD12A3B69BF00CADF99 /* TabbarVC.swift in Sources */,
			);
			runOnlyForDeploymentPostprocessing = 0;
		};
		27D073772A39F0160098E859 /* Sources */ = {
			isa = PBXSourcesBuildPhase;
			buildActionMask = 2147483647;
			files = (
				27D073802A39F0160098E859 /* AdopteUneLivrasionTests.swift in Sources */,
			);
			runOnlyForDeploymentPostprocessing = 0;
		};
		27D073812A39F0160098E859 /* Sources */ = {
			isa = PBXSourcesBuildPhase;
			buildActionMask = 2147483647;
			files = (
				27D0738C2A39F0160098E859 /* AdopteUneLivrasionUITestsLaunchTests.swift in Sources */,
				27D0738A2A39F0160098E859 /* AdopteUneLivrasionUITests.swift in Sources */,
			);
			runOnlyForDeploymentPostprocessing = 0;
		};
/* End PBXSourcesBuildPhase section */

/* Begin PBXTargetDependency section */
		27D0737D2A39F0160098E859 /* PBXTargetDependency */ = {
			isa = PBXTargetDependency;
			target = 27D073642A39F0140098E859 /* AdopteUneLivrasion */;
			targetProxy = 27D0737C2A39F0160098E859 /* PBXContainerItemProxy */;
		};
		27D073872A39F0160098E859 /* PBXTargetDependency */ = {
			isa = PBXTargetDependency;
			target = 27D073642A39F0140098E859 /* AdopteUneLivrasion */;
			targetProxy = 27D073862A39F0160098E859 /* PBXContainerItemProxy */;
		};
/* End PBXTargetDependency section */

/* Begin PBXVariantGroup section */
		27D0736E2A39F0140098E859 /* Main.storyboard */ = {
			isa = PBXVariantGroup;
			children = (
				27D0736F2A39F0140098E859 /* Base */,
			);
			name = Main.storyboard;
			sourceTree = "<group>";
		};
		27D073732A39F0160098E859 /* LaunchScreen.storyboard */ = {
			isa = PBXVariantGroup;
			children = (
				27D073742A39F0160098E859 /* Base */,
			);
			name = LaunchScreen.storyboard;
			sourceTree = "<group>";
		};
/* End PBXVariantGroup section */

/* Begin XCBuildConfiguration section */
		27D0738D2A39F0160098E859 /* Debug */ = {
			isa = XCBuildConfiguration;
			buildSettings = {
				ALWAYS_SEARCH_USER_PATHS = NO;
				CLANG_ANALYZER_NONNULL = YES;
				CLANG_ANALYZER_NUMBER_OBJECT_CONVERSION = YES_AGGRESSIVE;
				CLANG_CXX_LANGUAGE_STANDARD = "gnu++20";
				CLANG_ENABLE_MODULES = YES;
				CLANG_ENABLE_OBJC_ARC = YES;
				CLANG_ENABLE_OBJC_WEAK = YES;
				CLANG_WARN_BLOCK_CAPTURE_AUTORELEASING = YES;
				CLANG_WARN_BOOL_CONVERSION = YES;
				CLANG_WARN_COMMA = YES;
				CLANG_WARN_CONSTANT_CONVERSION = YES;
				CLANG_WARN_DEPRECATED_OBJC_IMPLEMENTATIONS = YES;
				CLANG_WARN_DIRECT_OBJC_ISA_USAGE = YES_ERROR;
				CLANG_WARN_DOCUMENTATION_COMMENTS = YES;
				CLANG_WARN_EMPTY_BODY = YES;
				CLANG_WARN_ENUM_CONVERSION = YES;
				CLANG_WARN_INFINITE_RECURSION = YES;
				CLANG_WARN_INT_CONVERSION = YES;
				CLANG_WARN_NON_LITERAL_NULL_CONVERSION = YES;
				CLANG_WARN_OBJC_IMPLICIT_RETAIN_SELF = YES;
				CLANG_WARN_OBJC_LITERAL_CONVERSION = YES;
				CLANG_WARN_OBJC_ROOT_CLASS = YES_ERROR;
				CLANG_WARN_QUOTED_INCLUDE_IN_FRAMEWORK_HEADER = YES;
				CLANG_WARN_RANGE_LOOP_ANALYSIS = YES;
				CLANG_WARN_STRICT_PROTOTYPES = YES;
				CLANG_WARN_SUSPICIOUS_MOVE = YES;
				CLANG_WARN_UNGUARDED_AVAILABILITY = YES_AGGRESSIVE;
				CLANG_WARN_UNREACHABLE_CODE = YES;
				CLANG_WARN__DUPLICATE_METHOD_MATCH = YES;
				COPY_PHASE_STRIP = NO;
				DEBUG_INFORMATION_FORMAT = dwarf;
				ENABLE_STRICT_OBJC_MSGSEND = YES;
				ENABLE_TESTABILITY = YES;
				GCC_C_LANGUAGE_STANDARD = gnu11;
				GCC_DYNAMIC_NO_PIC = NO;
				GCC_NO_COMMON_BLOCKS = YES;
				GCC_OPTIMIZATION_LEVEL = 0;
				GCC_PREPROCESSOR_DEFINITIONS = (
					"DEBUG=1",
					"$(inherited)",
				);
				GCC_WARN_64_TO_32_BIT_CONVERSION = YES;
				GCC_WARN_ABOUT_RETURN_TYPE = YES_ERROR;
				GCC_WARN_UNDECLARED_SELECTOR = YES;
				GCC_WARN_UNINITIALIZED_AUTOS = YES_AGGRESSIVE;
				GCC_WARN_UNUSED_FUNCTION = YES;
				GCC_WARN_UNUSED_VARIABLE = YES;
				IPHONEOS_DEPLOYMENT_TARGET = 16.4;
				MTL_ENABLE_DEBUG_INFO = INCLUDE_SOURCE;
				MTL_FAST_MATH = YES;
				ONLY_ACTIVE_ARCH = YES;
				SDKROOT = iphoneos;
				SWIFT_ACTIVE_COMPILATION_CONDITIONS = DEBUG;
				SWIFT_OPTIMIZATION_LEVEL = "-Onone";
			};
			name = Debug;
		};
		27D0738E2A39F0160098E859 /* Release */ = {
			isa = XCBuildConfiguration;
			buildSettings = {
				ALWAYS_SEARCH_USER_PATHS = NO;
				CLANG_ANALYZER_NONNULL = YES;
				CLANG_ANALYZER_NUMBER_OBJECT_CONVERSION = YES_AGGRESSIVE;
				CLANG_CXX_LANGUAGE_STANDARD = "gnu++20";
				CLANG_ENABLE_MODULES = YES;
				CLANG_ENABLE_OBJC_ARC = YES;
				CLANG_ENABLE_OBJC_WEAK = YES;
				CLANG_WARN_BLOCK_CAPTURE_AUTORELEASING = YES;
				CLANG_WARN_BOOL_CONVERSION = YES;
				CLANG_WARN_COMMA = YES;
				CLANG_WARN_CONSTANT_CONVERSION = YES;
				CLANG_WARN_DEPRECATED_OBJC_IMPLEMENTATIONS = YES;
				CLANG_WARN_DIRECT_OBJC_ISA_USAGE = YES_ERROR;
				CLANG_WARN_DOCUMENTATION_COMMENTS = YES;
				CLANG_WARN_EMPTY_BODY = YES;
				CLANG_WARN_ENUM_CONVERSION = YES;
				CLANG_WARN_INFINITE_RECURSION = YES;
				CLANG_WARN_INT_CONVERSION = YES;
				CLANG_WARN_NON_LITERAL_NULL_CONVERSION = YES;
				CLANG_WARN_OBJC_IMPLICIT_RETAIN_SELF = YES;
				CLANG_WARN_OBJC_LITERAL_CONVERSION = YES;
				CLANG_WARN_OBJC_ROOT_CLASS = YES_ERROR;
				CLANG_WARN_QUOTED_INCLUDE_IN_FRAMEWORK_HEADER = YES;
				CLANG_WARN_RANGE_LOOP_ANALYSIS = YES;
				CLANG_WARN_STRICT_PROTOTYPES = YES;
				CLANG_WARN_SUSPICIOUS_MOVE = YES;
				CLANG_WARN_UNGUARDED_AVAILABILITY = YES_AGGRESSIVE;
				CLANG_WARN_UNREACHABLE_CODE = YES;
				CLANG_WARN__DUPLICATE_METHOD_MATCH = YES;
				COPY_PHASE_STRIP = NO;
				DEBUG_INFORMATION_FORMAT = "dwarf-with-dsym";
				ENABLE_NS_ASSERTIONS = NO;
				ENABLE_STRICT_OBJC_MSGSEND = YES;
				GCC_C_LANGUAGE_STANDARD = gnu11;
				GCC_NO_COMMON_BLOCKS = YES;
				GCC_WARN_64_TO_32_BIT_CONVERSION = YES;
				GCC_WARN_ABOUT_RETURN_TYPE = YES_ERROR;
				GCC_WARN_UNDECLARED_SELECTOR = YES;
				GCC_WARN_UNINITIALIZED_AUTOS = YES_AGGRESSIVE;
				GCC_WARN_UNUSED_FUNCTION = YES;
				GCC_WARN_UNUSED_VARIABLE = YES;
				IPHONEOS_DEPLOYMENT_TARGET = 16.4;
				MTL_ENABLE_DEBUG_INFO = NO;
				MTL_FAST_MATH = YES;
				SDKROOT = iphoneos;
				SWIFT_COMPILATION_MODE = wholemodule;
				SWIFT_OPTIMIZATION_LEVEL = "-O";
				VALIDATE_PRODUCT = YES;
			};
			name = Release;
		};
		27D073902A39F0160098E859 /* Debug */ = {
			isa = XCBuildConfiguration;
			baseConfigurationReference = 1BDBC1DCE0EB753058B8393A /* Pods-AdopteUneLivrasion.debug.xcconfig */;
			buildSettings = {
				ASSETCATALOG_COMPILER_APPICON_NAME = AppIcon;
				ASSETCATALOG_COMPILER_GLOBAL_ACCENT_COLOR_NAME = AccentColor;
				CODE_SIGN_STYLE = Automatic;
				CURRENT_PROJECT_VERSION = 1.4;
				DEVELOPMENT_TEAM = 3A4UXFRTLZ;
				GENERATE_INFOPLIST_FILE = YES;
				INFOPLIST_FILE = AdopteUneLivrasion/Info.plist;
				INFOPLIST_KEY_CFBundleDisplayName = "Adopte Une Livraison - Manager";
				INFOPLIST_KEY_UIApplicationSupportsIndirectInputEvents = YES;
				INFOPLIST_KEY_UILaunchStoryboardName = LaunchScreen;
				INFOPLIST_KEY_UIMainStoryboardFile = Main;
				INFOPLIST_KEY_UISupportedInterfaceOrientations_iPad = "UIInterfaceOrientationPortrait UIInterfaceOrientationPortraitUpsideDown UIInterfaceOrientationLandscapeLeft UIInterfaceOrientationLandscapeRight";
				INFOPLIST_KEY_UISupportedInterfaceOrientations_iPhone = "UIInterfaceOrientationPortrait UIInterfaceOrientationLandscapeLeft UIInterfaceOrientationLandscapeRight";
				LD_RUNPATH_SEARCH_PATHS = (
					"$(inherited)",
					"@executable_path/Frameworks",
				);
				MARKETING_VERSION = 1.0;
				PRODUCT_BUNDLE_IDENTIFIER = com.manager.adopte;
				PRODUCT_NAME = "$(TARGET_NAME)";
				SWIFT_EMIT_LOC_STRINGS = YES;
				SWIFT_VERSION = 5.0;
				TARGETED_DEVICE_FAMILY = "1,2";
			};
			name = Debug;
		};
		27D073912A39F0160098E859 /* Release */ = {
			isa = XCBuildConfiguration;
			baseConfigurationReference = 03A7CB3F38AC50C5C27F3A1D /* Pods-AdopteUneLivrasion.release.xcconfig */;
			buildSettings = {
				ASSETCATALOG_COMPILER_APPICON_NAME = AppIcon;
				ASSETCATALOG_COMPILER_GLOBAL_ACCENT_COLOR_NAME = AccentColor;
				CODE_SIGN_STYLE = Automatic;
				CURRENT_PROJECT_VERSION = 1.4;
				DEVELOPMENT_TEAM = 3A4UXFRTLZ;
				GENERATE_INFOPLIST_FILE = YES;
				INFOPLIST_FILE = AdopteUneLivrasion/Info.plist;
				INFOPLIST_KEY_CFBundleDisplayName = "Adopte Une Livraison - Manager";
				INFOPLIST_KEY_UIApplicationSupportsIndirectInputEvents = YES;
				INFOPLIST_KEY_UILaunchStoryboardName = LaunchScreen;
				INFOPLIST_KEY_UIMainStoryboardFile = Main;
				INFOPLIST_KEY_UISupportedInterfaceOrientations_iPad = "UIInterfaceOrientationPortrait UIInterfaceOrientationPortraitUpsideDown UIInterfaceOrientationLandscapeLeft UIInterfaceOrientationLandscapeRight";
				INFOPLIST_KEY_UISupportedInterfaceOrientations_iPhone = "UIInterfaceOrientationPortrait UIInterfaceOrientationLandscapeLeft UIInterfaceOrientationLandscapeRight";
				LD_RUNPATH_SEARCH_PATHS = (
					"$(inherited)",
					"@executable_path/Frameworks",
				);
				MARKETING_VERSION = 1.0;
				PRODUCT_BUNDLE_IDENTIFIER = com.manager.adopte;
				PRODUCT_NAME = "$(TARGET_NAME)";
				SWIFT_EMIT_LOC_STRINGS = YES;
				SWIFT_VERSION = 5.0;
				TARGETED_DEVICE_FAMILY = "1,2";
			};
			name = Release;
		};
		27D073932A39F0160098E859 /* Debug */ = {
			isa = XCBuildConfiguration;
			baseConfigurationReference = 7FFB2A17FA46F88A79C21F45 /* Pods-AdopteUneLivrasionTests.debug.xcconfig */;
			buildSettings = {
				ALWAYS_EMBED_SWIFT_STANDARD_LIBRARIES = YES;
				BUNDLE_LOADER = "$(TEST_HOST)";
				CODE_SIGN_STYLE = Automatic;
				CURRENT_PROJECT_VERSION = 1;
				DEVELOPMENT_TEAM = 3A4UXFRTLZ;
				GENERATE_INFOPLIST_FILE = YES;
				IPHONEOS_DEPLOYMENT_TARGET = 16.4;
				MARKETING_VERSION = 1.0;
				PRODUCT_BUNDLE_IDENTIFIER = com.manager.adopte;
				PRODUCT_NAME = "$(TARGET_NAME)";
				SWIFT_EMIT_LOC_STRINGS = NO;
				SWIFT_VERSION = 5.0;
				TARGETED_DEVICE_FAMILY = "1,2";
				TEST_HOST = "$(BUILT_PRODUCTS_DIR)/AdopteUneLivrasion.app/$(BUNDLE_EXECUTABLE_FOLDER_PATH)/AdopteUneLivrasion";
			};
			name = Debug;
		};
		27D073942A39F0160098E859 /* Release */ = {
			isa = XCBuildConfiguration;
			baseConfigurationReference = 08B61DCEBA95E2B88D3C2688 /* Pods-AdopteUneLivrasionTests.release.xcconfig */;
			buildSettings = {
				ALWAYS_EMBED_SWIFT_STANDARD_LIBRARIES = YES;
				BUNDLE_LOADER = "$(TEST_HOST)";
				CODE_SIGN_STYLE = Automatic;
				CURRENT_PROJECT_VERSION = 1;
				DEVELOPMENT_TEAM = 3A4UXFRTLZ;
				GENERATE_INFOPLIST_FILE = YES;
				IPHONEOS_DEPLOYMENT_TARGET = 16.4;
				MARKETING_VERSION = 1.0;
				PRODUCT_BUNDLE_IDENTIFIER = com.manager.adopte;
				PRODUCT_NAME = "$(TARGET_NAME)";
				SWIFT_EMIT_LOC_STRINGS = NO;
				SWIFT_VERSION = 5.0;
				TARGETED_DEVICE_FAMILY = "1,2";
				TEST_HOST = "$(BUILT_PRODUCTS_DIR)/AdopteUneLivrasion.app/$(BUNDLE_EXECUTABLE_FOLDER_PATH)/AdopteUneLivrasion";
			};
			name = Release;
		};
		27D073962A39F0160098E859 /* Debug */ = {
			isa = XCBuildConfiguration;
			baseConfigurationReference = CFC6D33169914ED3BAD40F97 /* Pods-AdopteUneLivrasion-AdopteUneLivrasionUITests.debug.xcconfig */;
			buildSettings = {
				ALWAYS_EMBED_SWIFT_STANDARD_LIBRARIES = YES;
				CODE_SIGN_STYLE = Automatic;
				CURRENT_PROJECT_VERSION = 1;
				DEVELOPMENT_TEAM = 3A4UXFRTLZ;
				GENERATE_INFOPLIST_FILE = YES;
				MARKETING_VERSION = 1.0;
				PRODUCT_BUNDLE_IDENTIFIER = com.manager.adopte;
				PRODUCT_NAME = "$(TARGET_NAME)";
				SWIFT_EMIT_LOC_STRINGS = NO;
				SWIFT_VERSION = 5.0;
				TARGETED_DEVICE_FAMILY = "1,2";
				TEST_TARGET_NAME = AdopteUneLivrasion;
			};
			name = Debug;
		};
		27D073972A39F0160098E859 /* Release */ = {
			isa = XCBuildConfiguration;
			baseConfigurationReference = D6E7571455B2FD7B076A3585 /* Pods-AdopteUneLivrasion-AdopteUneLivrasionUITests.release.xcconfig */;
			buildSettings = {
				ALWAYS_EMBED_SWIFT_STANDARD_LIBRARIES = YES;
				CODE_SIGN_STYLE = Automatic;
				CURRENT_PROJECT_VERSION = 1;
				DEVELOPMENT_TEAM = 3A4UXFRTLZ;
				GENERATE_INFOPLIST_FILE = YES;
				MARKETING_VERSION = 1.0;
				PRODUCT_BUNDLE_IDENTIFIER = com.manager.adopte;
				PRODUCT_NAME = "$(TARGET_NAME)";
				SWIFT_EMIT_LOC_STRINGS = NO;
				SWIFT_VERSION = 5.0;
				TARGETED_DEVICE_FAMILY = "1,2";
				TEST_TARGET_NAME = AdopteUneLivrasion;
			};
			name = Release;
		};
/* End XCBuildConfiguration section */

/* Begin XCConfigurationList section */
		27D073602A39F0140098E859 /* Build configuration list for PBXProject "AdopteUneLivrasion" */ = {
			isa = XCConfigurationList;
			buildConfigurations = (
				27D0738D2A39F0160098E859 /* Debug */,
				27D0738E2A39F0160098E859 /* Release */,
			);
			defaultConfigurationIsVisible = 0;
			defaultConfigurationName = Release;
		};
		27D0738F2A39F0160098E859 /* Build configuration list for PBXNativeTarget "AdopteUneLivrasion" */ = {
			isa = XCConfigurationList;
			buildConfigurations = (
				27D073902A39F0160098E859 /* Debug */,
				27D073912A39F0160098E859 /* Release */,
			);
			defaultConfigurationIsVisible = 0;
			defaultConfigurationName = Release;
		};
		27D073922A39F0160098E859 /* Build configuration list for PBXNativeTarget "AdopteUneLivrasionTests" */ = {
			isa = XCConfigurationList;
			buildConfigurations = (
				27D073932A39F0160098E859 /* Debug */,
				27D073942A39F0160098E859 /* Release */,
			);
			defaultConfigurationIsVisible = 0;
			defaultConfigurationName = Release;
		};
		27D073952A39F0160098E859 /* Build configuration list for PBXNativeTarget "AdopteUneLivrasionUITests" */ = {
			isa = XCConfigurationList;
			buildConfigurations = (
				27D073962A39F0160098E859 /* Debug */,
				27D073972A39F0160098E859 /* Release */,
			);
			defaultConfigurationIsVisible = 0;
			defaultConfigurationName = Release;
		};
/* End XCConfigurationList section */
	};
	rootObject = 27D0735D2A39F0140098E859 /* Project object */;
}
